
Microsoft Visual Studio Solution File, Format Version 12.00
# Visual Studio Version 17
VisualStudioVersion = 17.4.33122.133
MinimumVisualStudioVersion = 10.0.40219.1
Project("{FAE04EC0-301F-11D3-BF4B-00C04F79EFBC}") = "MQRabbitCmdLet", "MQRabbitCmdLet\MQRabbitCmdLet.csproj", "{13B5C816-AEB9-4B32-B097-FCA37216472E}"
EndProject
Global
	GlobalSection(SolutionConfigurationPlatforms) = preSolution
		Debug|Any CPU = Debug|Any CPU
		Release|Any CPU = Release|Any CPU
	EndGlobalSection
	GlobalSection(ProjectConfigurationPlatforms) = postSolution
		{13B5C816-AEB9-4B32-B097-FCA37216472E}.Debug|Any CPU.ActiveCfg = Debug|Any CPU
		{13B5C816-AEB9-4B32-B097-FCA37216472E}.Debug|Any CPU.Build.0 = Debug|Any CPU
		{13B5C816-AEB9-4B32-B097-FCA37216472E}.Release|Any CPU.ActiveCfg = Release|Any CPU
		{13B5C816-AEB9-4B32-B097-FCA37216472E}.Release|Any CPU.Build.0 = Release|Any CPU
	EndGlobalSection
	GlobalSection(SolutionProperties) = preSolution
		HideSolutionNode = FALSE
	EndGlobalSection
	GlobalSection(ExtensibilityGlobals) = postSolution
		SolutionGuid = {0D810D20-4BB3-4322-9E84-57B989820C12}
	EndGlobalSection
EndGlobal
